{
  "version": 4,
  "terraform_version": "1.7.4",
  "serial": 193,
  "lineage": "35aed9b3-2b9b-3984-016f-668a62270fdc",
  "outputs": {
    "public_ip": {
      "value": "52.71.87.196",
      "type": "string"
    },
    "zones": {
      "value": [
        "us-east-1a",
        "us-east-1b",
        "us-east-1c",
        "us-east-1d",
        "us-east-1e",
        "us-east-1f"
      ],
      "type": [
        "list",
        "string"
      ]
    },
    "zones_count": {
      "value": 6,
      "type": "number"
    }
  },
  "resources": [
    {
      "mode": "data",
      "type": "aws_availability_zones",
      "name": "zones",
      "provider": "provider[\"registry.terraform.io/hashicorp/aws\"]",
      "instances": [
        {
          "schema_version": 0,
          "attributes": {
            "all_availability_zones": null,
            "exclude_names": null,
            "exclude_zone_ids": null,
            "filter": null,
            "group_names": [
              "us-east-1"
            ],
            "id": "us-east-1",
            "names": [
              "us-east-1a",
              "us-east-1b",
              "us-east-1c",
              "us-east-1d",
              "us-east-1e",
              "us-east-1f"
            ],
            "state": "available",
            "timeouts": null,
            "zone_ids": [
              "use1-az2",
              "use1-az4",
              "use1-az6",
              "use1-az1",
              "use1-az3",
              "use1-az5"
            ]
          },
          "sensitive_attributes": []
        }
      ]
    },
    {
      "mode": "data",
      "type": "aws_vpc",
      "name": "default",
      "provider": "provider[\"registry.terraform.io/hashicorp/aws\"]",
      "instances": [
        {
          "schema_version": 0,
          "attributes": {
            "arn": "arn:aws:ec2:us-east-1:554660509057:vpc/vpc-2f4d9e55",
            "cidr_block": "172.31.0.0/16",
            "cidr_block_associations": [
              {
                "association_id": "vpc-cidr-assoc-a63b97ca",
                "cidr_block": "172.31.0.0/16",
                "state": "associated"
              }
            ],
            "default": true,
            "dhcp_options_id": "dopt-f89ee283",
            "enable_dns_hostnames": true,
            "enable_dns_support": true,
            "enable_network_address_usage_metrics": false,
            "filter": null,
            "id": "vpc-2f4d9e55",
            "instance_tenancy": "default",
            "ipv6_association_id": "",
            "ipv6_cidr_block": "",
            "main_route_table_id": "rtb-59b8e626",
            "owner_id": "554660509057",
            "state": null,
            "tags": {
              "Name": "DefaultVPC"
            },
            "timeouts": null
          },
          "sensitive_attributes": []
        }
      ]
    },
    {
      "mode": "data",
      "type": "template_file",
      "name": "count_zones",
      "provider": "provider[\"registry.terraform.io/hashicorp/template\"]",
      "instances": [
        {
          "index_key": 0,
          "schema_version": 0,
          "attributes": {
            "filename": null,
            "id": "2e5348ea4b11975fc9096906b5e1c840624f34c50af28107d6ac9e2b2b7e2af9",
            "rendered": "\r\n\u003cbr\u003e This server is funning in us-east-1a.\u003c/br\u003e",
            "template": "\r\n\u003cbr\u003e This server is funning in ${ZONE}.\u003c/br\u003e",
            "vars": {
              "ZONE": "us-east-1a"
            }
          },
          "sensitive_attributes": []
        },
        {
          "index_key": 1,
          "schema_version": 0,
          "attributes": {
            "filename": null,
            "id": "61526c75e31c3a3c3ad133691294807fc73d68df321a099b7f5a6aac2a7e426b",
            "rendered": "\r\n\u003cbr\u003e This server is funning in us-east-1b.\u003c/br\u003e",
            "template": "\r\n\u003cbr\u003e This server is funning in ${ZONE}.\u003c/br\u003e",
            "vars": {
              "ZONE": "us-east-1b"
            }
          },
          "sensitive_attributes": []
        },
        {
          "index_key": 2,
          "schema_version": 0,
          "attributes": {
            "filename": null,
            "id": "3c77234aee78cffb88ca443e765ebc796356934eb1c617d2fdf212f6b1e27fdf",
            "rendered": "\r\n\u003cbr\u003e This server is funning in us-east-1c.\u003c/br\u003e",
            "template": "\r\n\u003cbr\u003e This server is funning in ${ZONE}.\u003c/br\u003e",
            "vars": {
              "ZONE": "us-east-1c"
            }
          },
          "sensitive_attributes": []
        },
        {
          "index_key": 3,
          "schema_version": 0,
          "attributes": {
            "filename": null,
            "id": "221dac81d3116e8e86c8bdc4d57d11b429b242e1092dfb72ba0156e454b2438c",
            "rendered": "\r\n\u003cbr\u003e This server is funning in us-east-1d.\u003c/br\u003e",
            "template": "\r\n\u003cbr\u003e This server is funning in ${ZONE}.\u003c/br\u003e",
            "vars": {
              "ZONE": "us-east-1d"
            }
          },
          "sensitive_attributes": []
        },
        {
          "index_key": 4,
          "schema_version": 0,
          "attributes": {
            "filename": null,
            "id": "21dfb228f31c96c6745a89ff64a00f1165663cfbe6cf84dfef18d7c2c7095293",
            "rendered": "\r\n\u003cbr\u003e This server is funning in us-east-1e.\u003c/br\u003e",
            "template": "\r\n\u003cbr\u003e This server is funning in ${ZONE}.\u003c/br\u003e",
            "vars": {
              "ZONE": "us-east-1e"
            }
          },
          "sensitive_attributes": []
        },
        {
          "index_key": 5,
          "schema_version": 0,
          "attributes": {
            "filename": null,
            "id": "2994f1b3d644641eac92c2939f43fa2b346c3f2442277012de29544e95f1b24b",
            "rendered": "\r\n\u003cbr\u003e This server is funning in us-east-1f.\u003c/br\u003e",
            "template": "\r\n\u003cbr\u003e This server is funning in ${ZONE}.\u003c/br\u003e",
            "vars": {
              "ZONE": "us-east-1f"
            }
          },
          "sensitive_attributes": []
        }
      ]
    },
    {
      "mode": "data",
      "type": "template_file",
      "name": "index_html",
      "provider": "provider[\"registry.terraform.io/hashicorp/template\"]",
      "instances": [
        {
          "schema_version": 0,
          "attributes": {
            "filename": null,
            "id": "32b1e43717fe92412b547f2672332214873ed9ea68aa2392d3a7a3bdad30ed35",
            "rendered": "\u003cbr\u003e Hi from thinknyx-cognixia-jump-sarah.\u003c/br\u003e\r\n\u003cbr\u003e This server is created by sarah.\u003c/br\u003e\r\n\u003cbr\u003e This server is funning in us-east-1c.\u003c/br\u003e\r\n\u003cbr\u003e This is day 3 for DevOps Jump Program.\u003c/br\u003e\r\n\u003cbr\u003e This Jump program is for BoA.\u003c/br\u003e\r\n",
            "template": "\u003cbr\u003e Hi from ${HOSTNAME}.\u003c/br\u003e\r\n\u003cbr\u003e This server is created by ${USER}.\u003c/br\u003e\r\n\u003cbr\u003e This server is funning in ${ZONE}.\u003c/br\u003e\r\n\u003cbr\u003e This is day ${DAY} for DevOps Jump Program.\u003c/br\u003e\r\n\u003cbr\u003e This Jump program is for BoA.\u003c/br\u003e\r\n",
            "vars": {
              "DAY": "3",
              "HOSTNAME": "thinknyx-cognixia-jump-sarah",
              "USER": "sarah",
              "ZONE": "us-east-1c"
            }
          },
          "sensitive_attributes": []
        }
      ]
    },
    {
      "mode": "managed",
      "type": "aws_default_security_group",
      "name": "ec2",
      "provider": "provider[\"registry.terraform.io/hashicorp/aws\"]",
      "instances": [
        {
          "schema_version": 1,
          "attributes": {
            "arn": "arn:aws:ec2:us-east-1:554660509057:security-group/sg-fd5804b1",
            "description": "default VPC security group",
            "egress": [
              {
                "cidr_blocks": [
                  "0.0.0.0/0"
                ],
                "description": "All Open",
                "from_port": 0,
                "ipv6_cidr_blocks": [],
                "prefix_list_ids": [],
                "protocol": "-1",
                "security_groups": [],
                "self": false,
                "to_port": 0
              }
            ],
            "id": "sg-fd5804b1",
            "ingress": [
              {
                "cidr_blocks": [
                  "0.0.0.0/0"
                ],
                "description": "HTTP",
                "from_port": 80,
                "ipv6_cidr_blocks": [],
                "prefix_list_ids": [],
                "protocol": "tcp",
                "security_groups": [],
                "self": false,
                "to_port": 80
              },
              {
                "cidr_blocks": [
                  "0.0.0.0/0"
                ],
                "description": "SSH",
                "from_port": 22,
                "ipv6_cidr_blocks": [],
                "prefix_list_ids": [],
                "protocol": "tcp",
                "security_groups": [],
                "self": false,
                "to_port": 22
              }
            ],
            "name": "default",
            "name_prefix": "",
            "owner_id": "554660509057",
            "revoke_rules_on_delete": false,
            "tags": {
              "Client": "BoA",
              "Day": "3",
              "Name": "thinknyx-cognixia-jump-sarah",
              "Vendor": "Cognixia"
            },
            "tags_all": {
              "Client": "BoA",
              "Day": "3",
              "Name": "thinknyx-cognixia-jump-sarah",
              "Vendor": "Cognixia"
            },
            "vpc_id": "vpc-2f4d9e55"
          },
          "sensitive_attributes": [],
          "private": "eyJzY2hlbWFfdmVyc2lvbiI6IjEifQ==",
          "dependencies": [
            "data.aws_vpc.default"
          ]
        }
      ]
    },
    {
      "mode": "managed",
      "type": "aws_ebs_volume",
      "name": "data_volume",
      "provider": "provider[\"registry.terraform.io/hashicorp/aws\"]",
      "instances": [
        {
          "schema_version": 0,
          "attributes": {
            "arn": "arn:aws:ec2:us-east-1:554660509057:volume/vol-06b7d880ad08622d8",
            "availability_zone": "us-east-1c",
            "encrypted": false,
            "final_snapshot": false,
            "id": "vol-06b7d880ad08622d8",
            "iops": 100,
            "kms_key_id": "",
            "multi_attach_enabled": false,
            "outpost_arn": "",
            "size": 1,
            "snapshot_id": "",
            "tags": {
              "Client": "BoA",
              "Day": "3",
              "Name": "thinknyx-cognixia-jump-sarah",
              "Vendor": "Cognixia"
            },
            "tags_all": {
              "Client": "BoA",
              "Day": "3",
              "Name": "thinknyx-cognixia-jump-sarah",
              "Vendor": "Cognixia"
            },
            "throughput": 0,
            "timeouts": null,
            "type": "gp2"
          },
          "sensitive_attributes": [],
          "private": "eyJlMmJmYjczMC1lY2FhLTExZTYtOGY4OC0zNDM2M2JjN2M0YzAiOnsiY3JlYXRlIjozMDAwMDAwMDAwMDAsImRlbGV0ZSI6MzAwMDAwMDAwMDAwLCJ1cGRhdGUiOjMwMDAwMDAwMDAwMH19",
          "dependencies": [
            "aws_default_security_group.ec2",
            "aws_instance.my_ubuntu_server",
            "aws_key_pair.key",
            "data.aws_vpc.default",
            "tls_private_key.keypair"
          ]
        }
      ]
    },
    {
      "mode": "managed",
      "type": "aws_instance",
      "name": "my_ubuntu_server",
      "provider": "provider[\"registry.terraform.io/hashicorp/aws\"]",
      "instances": [
        {
          "schema_version": 1,
          "attributes": {
            "ami": "ami-07d9b9ddc6cd8dd30",
            "arn": "arn:aws:ec2:us-east-1:554660509057:instance/i-0beb96cd6765afab4",
            "associate_public_ip_address": true,
            "availability_zone": "us-east-1c",
            "capacity_reservation_specification": [
              {
                "capacity_reservation_preference": "open",
                "capacity_reservation_target": []
              }
            ],
            "cpu_core_count": 1,
            "cpu_options": [
              {
                "amd_sev_snp": "",
                "core_count": 1,
                "threads_per_core": 1
              }
            ],
            "cpu_threads_per_core": 1,
            "credit_specification": [
              {
                "cpu_credits": "standard"
              }
            ],
            "disable_api_stop": false,
            "disable_api_termination": false,
            "ebs_block_device": [
              {
                "delete_on_termination": false,
                "device_name": "/dev/sdf",
                "encrypted": false,
                "iops": 100,
                "kms_key_id": "",
                "snapshot_id": "",
                "tags": {
                  "Client": "BoA",
                  "Day": "3",
                  "Name": "thinknyx-cognixia-jump-sarah",
                  "Vendor": "Cognixia"
                },
                "tags_all": {
                  "Client": "BoA",
                  "Day": "3",
                  "Name": "thinknyx-cognixia-jump-sarah",
                  "Vendor": "Cognixia"
                },
                "throughput": 0,
                "volume_id": "vol-06b7d880ad08622d8",
                "volume_size": 1,
                "volume_type": "gp2"
              }
            ],
            "ebs_optimized": false,
            "enclave_options": [
              {
                "enabled": false
              }
            ],
            "ephemeral_block_device": [],
            "get_password_data": false,
            "hibernation": false,
            "host_id": "",
            "host_resource_group_arn": null,
            "iam_instance_profile": "",
            "id": "i-0beb96cd6765afab4",
            "instance_initiated_shutdown_behavior": "stop",
            "instance_lifecycle": "",
            "instance_market_options": [],
            "instance_state": "running",
            "instance_type": "t2.micro",
            "ipv6_address_count": 0,
            "ipv6_addresses": [],
            "key_name": "thinknyx-cognixia-jump-sarah",
            "launch_template": [],
            "maintenance_options": [
              {
                "auto_recovery": "default"
              }
            ],
            "metadata_options": [
              {
                "http_endpoint": "enabled",
                "http_protocol_ipv6": "disabled",
                "http_put_response_hop_limit": 1,
                "http_tokens": "optional",
                "instance_metadata_tags": "disabled"
              }
            ],
            "monitoring": false,
            "network_interface": [],
            "outpost_arn": "",
            "password_data": "",
            "placement_group": "",
            "placement_partition_number": 0,
            "primary_network_interface_id": "eni-058ad798334ec374e",
            "private_dns": "ip-172-31-36-112.ec2.internal",
            "private_dns_name_options": [
              {
                "enable_resource_name_dns_a_record": false,
                "enable_resource_name_dns_aaaa_record": false,
                "hostname_type": "ip-name"
              }
            ],
            "private_ip": "172.31.36.112",
            "public_dns": "ec2-52-71-87-196.compute-1.amazonaws.com",
            "public_ip": "52.71.87.196",
            "root_block_device": [
              {
                "delete_on_termination": true,
                "device_name": "/dev/sda1",
                "encrypted": false,
                "iops": 100,
                "kms_key_id": "",
                "tags": {
                  "Client": "BoA",
                  "Day": "3",
                  "Name": "thinknyx-cognixia-jump-sarah",
                  "Vendor": "Cognixia"
                },
                "tags_all": {
                  "Client": "BoA",
                  "Day": "3",
                  "Name": "thinknyx-cognixia-jump-sarah",
                  "Vendor": "Cognixia"
                },
                "throughput": 0,
                "volume_id": "vol-0b0825ea445e43fab",
                "volume_size": 8,
                "volume_type": "gp2"
              }
            ],
            "secondary_private_ips": [],
            "security_groups": [
              "default"
            ],
            "source_dest_check": true,
            "spot_instance_request_id": "",
            "subnet_id": "subnet-6ff07333",
            "tags": {
              "Client": "BoA",
              "Day": "3",
              "Name": "thinknyx-cognixia-jump-sarah",
              "Vendor": "Cognixia"
            },
            "tags_all": {
              "Client": "BoA",
              "Day": "3",
              "Name": "thinknyx-cognixia-jump-sarah",
              "Vendor": "Cognixia"
            },
            "tenancy": "default",
            "timeouts": null,
            "user_data": null,
            "user_data_base64": null,
            "user_data_replace_on_change": false,
            "volume_tags": null,
            "vpc_security_group_ids": [
              "sg-fd5804b1"
            ]
          },
          "sensitive_attributes": [],
          "private": "eyJlMmJmYjczMC1lY2FhLTExZTYtOGY4OC0zNDM2M2JjN2M0YzAiOnsiY3JlYXRlIjo2MDAwMDAwMDAwMDAsImRlbGV0ZSI6MTIwMDAwMDAwMDAwMCwicmVhZCI6OTAwMDAwMDAwMDAwLCJ1cGRhdGUiOjYwMDAwMDAwMDAwMH0sInNjaGVtYV92ZXJzaW9uIjoiMSJ9",
          "dependencies": [
            "aws_default_security_group.ec2",
            "aws_key_pair.key",
            "data.aws_vpc.default",
            "tls_private_key.keypair"
          ]
        }
      ]
    },
    {
      "mode": "managed",
      "type": "aws_key_pair",
      "name": "key",
      "provider": "provider[\"registry.terraform.io/hashicorp/aws\"]",
      "instances": [
        {
          "schema_version": 1,
          "attributes": {
            "arn": "arn:aws:ec2:us-east-1:554660509057:key-pair/thinknyx-cognixia-jump-sarah",
            "fingerprint": "fa:49:f1:16:1f:c8:bd:d7:52:38:33:48:9d:c4:ee:dd",
            "id": "thinknyx-cognixia-jump-sarah",
            "key_name": "thinknyx-cognixia-jump-sarah",
            "key_name_prefix": "",
            "key_pair_id": "key-0011cbe0c31de3aa9",
            "key_type": "rsa",
            "public_key": "ssh-rsa AAAAB3NzaC1yc2EAAAADAQABAAABAQC9/qAV0aXdLg9OAjAjaozQTLtkyjaxMxpiAdh+xJrvLgsfu2HJuRByB/zgYRv2lLqS/9JrEXj6zswUk3P/WEuSZ7pqDRKgk08QBhxEUBD1RWj/LWQvsD/199ji/fkuMnm69XmxhotvButdmtOOZlAvp+xzVNNGQMY0JfsVG+mgNxpt4rfbqQ/caXkVPwwz+zyrNt3PzzXWFl69agBSiZJNTQjSDojJaSNKyRZClDoNboTyptl6SXd81YH138QPhSU34feOFVNjzVThkZ1B9clpRo+0giECt/pX9KJFJXcIsiJpH/13DwGbzDNSJ7DgF9Krcmyr3Ryw6ecBAbkRiV/v",
            "tags": {
              "Client": "BoA",
              "Day": "3",
              "Name": "thinknyx-cognixia-jump-sarah",
              "Vendor": "Cognixia"
            },
            "tags_all": {
              "Client": "BoA",
              "Day": "3",
              "Name": "thinknyx-cognixia-jump-sarah",
              "Vendor": "Cognixia"
            }
          },
          "sensitive_attributes": [],
          "private": "eyJzY2hlbWFfdmVyc2lvbiI6IjEifQ==",
          "dependencies": [
            "tls_private_key.keypair"
          ]
        }
      ]
    },
    {
      "mode": "managed",
      "type": "aws_volume_attachment",
      "name": "ebs_att",
      "provider": "provider[\"registry.terraform.io/hashicorp/aws\"]",
      "instances": [
        {
          "schema_version": 0,
          "attributes": {
            "device_name": "/dev/sdf",
            "force_detach": null,
            "id": "vai-368055916",
            "instance_id": "i-0beb96cd6765afab4",
            "skip_destroy": false,
            "stop_instance_before_detaching": null,
            "timeouts": null,
            "volume_id": "vol-06b7d880ad08622d8"
          },
          "sensitive_attributes": [],
          "private": "eyJlMmJmYjczMC1lY2FhLTExZTYtOGY4OC0zNDM2M2JjN2M0YzAiOnsiY3JlYXRlIjozMDAwMDAwMDAwMDAsImRlbGV0ZSI6MzAwMDAwMDAwMDAwfX0=",
          "dependencies": [
            "aws_default_security_group.ec2",
            "aws_ebs_volume.data_volume",
            "aws_instance.my_ubuntu_server",
            "aws_key_pair.key",
            "data.aws_vpc.default",
            "tls_private_key.keypair"
          ]
        }
      ]
    },
    {
      "mode": "managed",
      "type": "local_file",
      "name": "index_html",
      "provider": "provider[\"registry.terraform.io/hashicorp/local\"]",
      "instances": [
        {
          "schema_version": 0,
          "attributes": {
            "content": "\u003cbr\u003e Hi from thinknyx-cognixia-jump-sarah.\u003c/br\u003e\r\n\u003cbr\u003e This server is created by sarah.\u003c/br\u003e\r\n\u003cbr\u003e This server is funning in us-east-1c.\u003c/br\u003e\r\n\u003cbr\u003e This is day 3 for DevOps Jump Program.\u003c/br\u003e\r\n\u003cbr\u003e This Jump program is for BoA.\u003c/br\u003e\r\n",
            "content_base64": null,
            "content_base64sha256": "MrHkNxf+kkErVH8mcjMiFIc+2epoqiOS06ejva0w7TU=",
            "content_base64sha512": "eSm+exZJMzAXflFM27exiRg5Fxe1ZFSWvTi2tas1SUr2Z1HMWEU1BkMzujSligPflskORNQ4EmTGZxcNn2CKeQ==",
            "content_md5": "4ed3f51478f51b0c4fc7a2a95b29036c",
            "content_sha1": "5b1511a9810c2c385b1c83db5926b5a166f4e05d",
            "content_sha256": "32b1e43717fe92412b547f2672332214873ed9ea68aa2392d3a7a3bdad30ed35",
            "content_sha512": "7929be7b16493330177e514cdbb7b18918391717b5645496bd38b6b5ab35494af66751cc584535064333ba34a58a03df96c90e44d4381264c667170d9f608a79",
            "directory_permission": "0600",
            "file_permission": "0600",
            "filename": "index.html",
            "id": "5b1511a9810c2c385b1c83db5926b5a166f4e05d",
            "sensitive_content": null,
            "source": null
          },
          "sensitive_attributes": [],
          "dependencies": [
            "aws_default_security_group.ec2",
            "aws_instance.my_ubuntu_server",
            "aws_key_pair.key",
            "data.aws_vpc.default",
            "data.template_file.index_html",
            "tls_private_key.keypair"
          ]
        }
      ]
    },
    {
      "mode": "managed",
      "type": "local_file",
      "name": "private_key",
      "provider": "provider[\"registry.terraform.io/hashicorp/local\"]",
      "instances": [
        {
          "schema_version": 0,
          "attributes": {
            "content": "-----BEGIN RSA PRIVATE KEY-----\nMIIEpAIBAAKCAQEAvf6gFdGl3S4PTgIwI2qM0Ey7ZMo2sTMaYgHYfsSa7y4LH7th\nybkQcgf84GEb9pS6kv/SaxF4+s7MFJNz/1hLkme6ag0SoJNPEAYcRFAQ9UVo/y1k\nL7A/9ffY4v35LjJ5uvV5sYaLbwbrXZrTjmZQL6fsc1TTRkDGNCX7FRvpoDcabeK3\n26kP3Gl5FT8MM/s8qzbdz8811hZevWoAUomSTU0I0g6IyWkjSskWQpQ6DW6E8qbZ\nekl3fNWB9d/ED4UlN+H3jhVTY81U4ZGdQfXJaUaPtIIhArf6V/SiRSV3CLIiaR/9\ndw8Bm8wzUiew4BfSq3Jsq90csOnnAQG5EYlf7wIDAQABAoIBAQC8GIOAVmfxCxKX\n1k62IVx7NBwp8pAm6kLqWI1vI1GIDXtx1N9BCHihjArsUPeQLTpxIde9rDSriWQ9\n0qV6XH2k2hCRwZN5aZ1Sbdo6P1IqoKcMSnHvTHxmFROh1nKFK++cCj6KZHtSVfVa\nXFepmN018PeETqxD1wjiw99JzLKEq5QCvE/szHktQ09VWf6Ej/cjnIDfQzBuMRmt\nDGoEzY1rChKn1xLObI13NP5gytgi3K/uzwV0QmDb+LgHnhdS6Di2rTKK4dPbnQE8\nlasE3fevhipAXk4O3QEBRFWwqUA/3hYxfUb8H5AHfyVcat7kG9t/ZHXJmEvvqhnm\nCPzFLrnxAoGBAOTM4Jqt3PkYczVyFBniARWmN6NhqHgjJAbfuIMavasw0Kgm/x9Z\nxUcVYVKv6wSKElNwhnm5RgDLwPxsG6IzG1kB4B7GMgcPTeDyFU0cFg970raq8R+k\nUtB/w5q4BvdUFIfZwg83RrDI6FJWr0LmqYlvWtIV6Dxkwuj9BxtwOq6tAoGBANSU\nxIUqVttMThdphlv7Wl8gwoLVWlPLAki420ryJmgZawy0pi30LxwOwpP9UHPW4LtO\nqfLzx1HszYQj26sL4YRvv3HtC9s0DbR+05mI0YMPy7vIS7PlTsK+iCMgkkCCDBS7\n6D8hASPW6PkjnsSbxkZpofzvJqfwNhL7Z9PTl6iLAoGAbQS+BJXRU5N12cJ4l3ib\nobAolJ3EwzGjSe8xoK6OL1K8KVMjftGscVlbnSWbavdLEhzsxnUkSN7NHrl4VUna\nvwdoveEcF0cQiZ1vzuUSEeCjH0zGRZhrqVMnZcJH93NFsRFuKQfik/u2zvzk15DG\nuWiosq+jj5tHT/K4fzdzjqUCgYAdBxdyq55ioZ/EOKedJcxoUvvci6+i44SzU3K2\nYCx4aIgimwRaIA7SwP024g87UisryIkSYNFl0XUaxx62049+2xeEQf8tdoUskWjp\nfTJGuEB0qtwTe4tusj+6tDbkUh2+Mw56mFIkh7MWWhPS+wZvFPuGo01e/0ETBHtg\nBHOgEwKBgQDKt2EnvdFvrXq4d+qfrGSJPJQtro+yyp0Bz3yLAHUZhDgUnVF09c6d\nLKeHC+MufNcRdGG2dIM4twRqr0K6CJbzv/0iLKCQtZzL2N16bMFcAXwzjYFVcUM7\noHkV6we7WNWnyDGZRzTaKX1ew7XZkG+jM0RQdweb/9PXl3n1XUufcQ==\n-----END RSA PRIVATE KEY-----\n",
            "content_base64": null,
            "content_base64sha256": "nkbdghmkbkwwrsDRkGrOlWpJdXP2ihPfjJ/pmJqo2cg=",
            "content_base64sha512": "YFi6R8uyJSlj6+1cXhqPZGvNC0h82LoMelGwhx19w2HVxkz8l+UVsiz0ndCEVcxi2VfBf4m7XNFNzy1JBU3fqg==",
            "content_md5": "60edb4368af37ee6a7bab7891b82da44",
            "content_sha1": "fe368dd4e34649236e183ab20d7c47e56c127280",
            "content_sha256": "9e46dd8219a46e4c30aec0d1906ace956a497573f68a13df8c9fe9989aa8d9c8",
            "content_sha512": "6058ba47cbb2252963ebed5c5e1a8f646bcd0b487cd8ba0c7a51b0871d7dc361d5c64cfc97e515b22cf49dd08455cc62d957c17f89bb5cd14dcf2d49054ddfaa",
            "directory_permission": "0600",
            "file_permission": "0600",
            "filename": "C:/Users/Sarah B/.ssh/thinknyx-cognixia-jump-sarah.pem",
            "id": "fe368dd4e34649236e183ab20d7c47e56c127280",
            "sensitive_content": null,
            "source": null
          },
          "sensitive_attributes": [
            [
              {
                "type": "get_attr",
                "value": "content"
              }
            ]
          ],
          "dependencies": [
            "tls_private_key.keypair"
          ]
        }
      ]
    },
    {
      "mode": "managed",
      "type": "null_resource",
      "name": "copy_index_html",
      "provider": "provider[\"registry.terraform.io/hashicorp/null\"]",
      "instances": [
        {
          "schema_version": 0,
          "attributes": {
            "id": "1789652514045891470",
            "triggers": {
              "index_html": "5b1511a9810c2c385b1c83db5926b5a166f4e05d"
            }
          },
          "sensitive_attributes": [],
          "dependencies": [
            "aws_default_security_group.ec2",
            "aws_instance.my_ubuntu_server",
            "aws_key_pair.key",
            "data.aws_vpc.default",
            "data.template_file.index_html",
            "local_file.index_html",
            "tls_private_key.keypair"
          ]
        }
      ]
    },
    {
      "mode": "managed",
      "type": "null_resource",
      "name": "curl_apache",
      "provider": "provider[\"registry.terraform.io/hashicorp/null\"]",
      "instances": [
        {
          "schema_version": 0,
          "attributes": {
            "id": "3015901069901672077",
            "triggers": {
              "instance_id": "i-0beb96cd6765afab4"
            }
          },
          "sensitive_attributes": [],
          "dependencies": [
            "aws_default_security_group.ec2",
            "aws_instance.my_ubuntu_server",
            "aws_key_pair.key",
            "data.aws_vpc.default",
            "data.template_file.index_html",
            "local_file.index_html",
            "null_resource.copy_index_html",
            "null_resource.install_apache",
            "tls_private_key.keypair"
          ]
        }
      ]
    },
    {
      "mode": "managed",
      "type": "null_resource",
      "name": "install_apache",
      "provider": "provider[\"registry.terraform.io/hashicorp/null\"]",
      "instances": [
        {
          "schema_version": 0,
          "attributes": {
            "id": "8766610394623868785",
            "triggers": {
              "index_html": "1789652514045891470",
              "instance_id": "i-0beb96cd6765afab4"
            }
          },
          "sensitive_attributes": [],
          "dependencies": [
            "aws_default_security_group.ec2",
            "aws_instance.my_ubuntu_server",
            "aws_key_pair.key",
            "data.aws_vpc.default",
            "data.template_file.index_html",
            "local_file.index_html",
            "null_resource.copy_index_html",
            "tls_private_key.keypair"
          ]
        }
      ]
    },
    {
      "mode": "managed",
      "type": "tls_private_key",
      "name": "keypair",
      "provider": "provider[\"registry.terraform.io/hashicorp/tls\"]",
      "instances": [
        {
          "schema_version": 1,
          "attributes": {
            "algorithm": "RSA",
            "ecdsa_curve": "P224",
            "id": "f983a36eb2d724a826232527ab37841a1852537e",
            "private_key_openssh": "-----BEGIN OPENSSH PRIVATE KEY-----\nb3BlbnNzaC1rZXktdjEAAAAABG5vbmUAAAAEbm9uZQAAAAAAAAABAAABFwAAAAdz\nc2gtcnNhAAAAAwEAAQAAAQEAvf6gFdGl3S4PTgIwI2qM0Ey7ZMo2sTMaYgHYfsSa\n7y4LH7thybkQcgf84GEb9pS6kv/SaxF4+s7MFJNz/1hLkme6ag0SoJNPEAYcRFAQ\n9UVo/y1kL7A/9ffY4v35LjJ5uvV5sYaLbwbrXZrTjmZQL6fsc1TTRkDGNCX7FRvp\noDcabeK326kP3Gl5FT8MM/s8qzbdz8811hZevWoAUomSTU0I0g6IyWkjSskWQpQ6\nDW6E8qbZekl3fNWB9d/ED4UlN+H3jhVTY81U4ZGdQfXJaUaPtIIhArf6V/SiRSV3\nCLIiaR/9dw8Bm8wzUiew4BfSq3Jsq90csOnnAQG5EYlf7wAAA7jrBqU66walOgAA\nAAdzc2gtcnNhAAABAQC9/qAV0aXdLg9OAjAjaozQTLtkyjaxMxpiAdh+xJrvLgsf\nu2HJuRByB/zgYRv2lLqS/9JrEXj6zswUk3P/WEuSZ7pqDRKgk08QBhxEUBD1RWj/\nLWQvsD/199ji/fkuMnm69XmxhotvButdmtOOZlAvp+xzVNNGQMY0JfsVG+mgNxpt\n4rfbqQ/caXkVPwwz+zyrNt3PzzXWFl69agBSiZJNTQjSDojJaSNKyRZClDoNboTy\nptl6SXd81YH138QPhSU34feOFVNjzVThkZ1B9clpRo+0giECt/pX9KJFJXcIsiJp\nH/13DwGbzDNSJ7DgF9Krcmyr3Ryw6ecBAbkRiV/vAAAAAwEAAQAAAQEAvBiDgFZn\n8QsSl9ZOtiFcezQcKfKQJupC6liNbyNRiA17cdTfQQh4oYwK7FD3kC06cSHXvaw0\nq4lkPdKlelx9pNoQkcGTeWmdUm3aOj9SKqCnDEpx70x8ZhUTodZyhSvvnAo+imR7\nUlX1WlxXqZjdNfD3hE6sQ9cI4sPfScyyhKuUArxP7Mx5LUNPVVn+hI/3I5yA30Mw\nbjEZrQxqBM2NawoSp9cSzmyNdzT+YMrYItyv7s8FdEJg2/i4B54XUug4tq0yiuHT\n250BPJWrBN33r4YqQF5ODt0BAURVsKlAP94WMX1G/B+QB38lXGre5Bvbf2R1yZhL\n76oZ5gj8xS658QAAAIEAyrdhJ73Rb616uHfqn6xkiTyULa6PssqdAc98iwB1GYQ4\nFJ1RdPXOnSynhwvjLnzXEXRhtnSDOLcEaq9CugiW87/9IiygkLWcy9jdemzBXAF8\nM42BVXFDO6B5FesHu1jVp8gxmUc02il9XsO12ZBvozNEUHcHm//T15d59V1Ln3EA\nAACBAOTM4Jqt3PkYczVyFBniARWmN6NhqHgjJAbfuIMavasw0Kgm/x9ZxUcVYVKv\n6wSKElNwhnm5RgDLwPxsG6IzG1kB4B7GMgcPTeDyFU0cFg970raq8R+kUtB/w5q4\nBvdUFIfZwg83RrDI6FJWr0LmqYlvWtIV6Dxkwuj9BxtwOq6tAAAAgQDUlMSFKlbb\nTE4XaYZb+1pfIMKC1VpTywJIuNtK8iZoGWsMtKYt9C8cDsKT/VBz1uC7Tqny88dR\n7M2EI9urC+GEb79x7QvbNA20ftOZiNGDD8u7yEuz5U7CvogjIJJAggwUu+g/IQEj\n1uj5I57Em8ZGaaH87yan8DYS+2fT05eoiwAAAAAB\n-----END OPENSSH PRIVATE KEY-----\n",
            "private_key_pem": "-----BEGIN RSA PRIVATE KEY-----\nMIIEpAIBAAKCAQEAvf6gFdGl3S4PTgIwI2qM0Ey7ZMo2sTMaYgHYfsSa7y4LH7th\nybkQcgf84GEb9pS6kv/SaxF4+s7MFJNz/1hLkme6ag0SoJNPEAYcRFAQ9UVo/y1k\nL7A/9ffY4v35LjJ5uvV5sYaLbwbrXZrTjmZQL6fsc1TTRkDGNCX7FRvpoDcabeK3\n26kP3Gl5FT8MM/s8qzbdz8811hZevWoAUomSTU0I0g6IyWkjSskWQpQ6DW6E8qbZ\nekl3fNWB9d/ED4UlN+H3jhVTY81U4ZGdQfXJaUaPtIIhArf6V/SiRSV3CLIiaR/9\ndw8Bm8wzUiew4BfSq3Jsq90csOnnAQG5EYlf7wIDAQABAoIBAQC8GIOAVmfxCxKX\n1k62IVx7NBwp8pAm6kLqWI1vI1GIDXtx1N9BCHihjArsUPeQLTpxIde9rDSriWQ9\n0qV6XH2k2hCRwZN5aZ1Sbdo6P1IqoKcMSnHvTHxmFROh1nKFK++cCj6KZHtSVfVa\nXFepmN018PeETqxD1wjiw99JzLKEq5QCvE/szHktQ09VWf6Ej/cjnIDfQzBuMRmt\nDGoEzY1rChKn1xLObI13NP5gytgi3K/uzwV0QmDb+LgHnhdS6Di2rTKK4dPbnQE8\nlasE3fevhipAXk4O3QEBRFWwqUA/3hYxfUb8H5AHfyVcat7kG9t/ZHXJmEvvqhnm\nCPzFLrnxAoGBAOTM4Jqt3PkYczVyFBniARWmN6NhqHgjJAbfuIMavasw0Kgm/x9Z\nxUcVYVKv6wSKElNwhnm5RgDLwPxsG6IzG1kB4B7GMgcPTeDyFU0cFg970raq8R+k\nUtB/w5q4BvdUFIfZwg83RrDI6FJWr0LmqYlvWtIV6Dxkwuj9BxtwOq6tAoGBANSU\nxIUqVttMThdphlv7Wl8gwoLVWlPLAki420ryJmgZawy0pi30LxwOwpP9UHPW4LtO\nqfLzx1HszYQj26sL4YRvv3HtC9s0DbR+05mI0YMPy7vIS7PlTsK+iCMgkkCCDBS7\n6D8hASPW6PkjnsSbxkZpofzvJqfwNhL7Z9PTl6iLAoGAbQS+BJXRU5N12cJ4l3ib\nobAolJ3EwzGjSe8xoK6OL1K8KVMjftGscVlbnSWbavdLEhzsxnUkSN7NHrl4VUna\nvwdoveEcF0cQiZ1vzuUSEeCjH0zGRZhrqVMnZcJH93NFsRFuKQfik/u2zvzk15DG\nuWiosq+jj5tHT/K4fzdzjqUCgYAdBxdyq55ioZ/EOKedJcxoUvvci6+i44SzU3K2\nYCx4aIgimwRaIA7SwP024g87UisryIkSYNFl0XUaxx62049+2xeEQf8tdoUskWjp\nfTJGuEB0qtwTe4tusj+6tDbkUh2+Mw56mFIkh7MWWhPS+wZvFPuGo01e/0ETBHtg\nBHOgEwKBgQDKt2EnvdFvrXq4d+qfrGSJPJQtro+yyp0Bz3yLAHUZhDgUnVF09c6d\nLKeHC+MufNcRdGG2dIM4twRqr0K6CJbzv/0iLKCQtZzL2N16bMFcAXwzjYFVcUM7\noHkV6we7WNWnyDGZRzTaKX1ew7XZkG+jM0RQdweb/9PXl3n1XUufcQ==\n-----END RSA PRIVATE KEY-----\n",
            "private_key_pem_pkcs8": "-----BEGIN PRIVATE KEY-----\nMIIEvgIBADANBgkqhkiG9w0BAQEFAASCBKgwggSkAgEAAoIBAQC9/qAV0aXdLg9O\nAjAjaozQTLtkyjaxMxpiAdh+xJrvLgsfu2HJuRByB/zgYRv2lLqS/9JrEXj6zswU\nk3P/WEuSZ7pqDRKgk08QBhxEUBD1RWj/LWQvsD/199ji/fkuMnm69XmxhotvButd\nmtOOZlAvp+xzVNNGQMY0JfsVG+mgNxpt4rfbqQ/caXkVPwwz+zyrNt3PzzXWFl69\nagBSiZJNTQjSDojJaSNKyRZClDoNboTyptl6SXd81YH138QPhSU34feOFVNjzVTh\nkZ1B9clpRo+0giECt/pX9KJFJXcIsiJpH/13DwGbzDNSJ7DgF9Krcmyr3Ryw6ecB\nAbkRiV/vAgMBAAECggEBALwYg4BWZ/ELEpfWTrYhXHs0HCnykCbqQupYjW8jUYgN\ne3HU30EIeKGMCuxQ95AtOnEh172sNKuJZD3SpXpcfaTaEJHBk3lpnVJt2jo/Uiqg\npwxKce9MfGYVE6HWcoUr75wKPopke1JV9VpcV6mY3TXw94ROrEPXCOLD30nMsoSr\nlAK8T+zMeS1DT1VZ/oSP9yOcgN9DMG4xGa0MagTNjWsKEqfXEs5sjXc0/mDK2CLc\nr+7PBXRCYNv4uAeeF1LoOLatMorh09udATyVqwTd96+GKkBeTg7dAQFEVbCpQD/e\nFjF9RvwfkAd/JVxq3uQb239kdcmYS++qGeYI/MUuufECgYEA5Mzgmq3c+RhzNXIU\nGeIBFaY3o2GoeCMkBt+4gxq9qzDQqCb/H1nFRxVhUq/rBIoSU3CGeblGAMvA/Gwb\nojMbWQHgHsYyBw9N4PIVTRwWD3vStqrxH6RS0H/DmrgG91QUh9nCDzdGsMjoUlav\nQuapiW9a0hXoPGTC6P0HG3A6rq0CgYEA1JTEhSpW20xOF2mGW/taXyDCgtVaU8sC\nSLjbSvImaBlrDLSmLfQvHA7Ck/1Qc9bgu06p8vPHUezNhCPbqwvhhG+/ce0L2zQN\ntH7TmYjRgw/Lu8hLs+VOwr6IIyCSQIIMFLvoPyEBI9bo+SOexJvGRmmh/O8mp/A2\nEvtn09OXqIsCgYBtBL4EldFTk3XZwniXeJuhsCiUncTDMaNJ7zGgro4vUrwpUyN+\n0axxWVudJZtq90sSHOzGdSRI3s0euXhVSdq/B2i94RwXRxCJnW/O5RIR4KMfTMZF\nmGupUydlwkf3c0WxEW4pB+KT+7bO/OTXkMa5aKiyr6OPm0dP8rh/N3OOpQKBgB0H\nF3KrnmKhn8Q4p50lzGhS+9yLr6LjhLNTcrZgLHhoiCKbBFogDtLA/TbiDztSKyvI\niRJg0WXRdRrHHrbTj37bF4RB/y12hSyRaOl9Mka4QHSq3BN7i26yP7q0NuRSHb4z\nDnqYUiSHsxZaE9L7Bm8U+4ajTV7/QRMEe2AEc6ATAoGBAMq3YSe90W+terh36p+s\nZIk8lC2uj7LKnQHPfIsAdRmEOBSdUXT1zp0sp4cL4y581xF0YbZ0gzi3BGqvQroI\nlvO//SIsoJC1nMvY3XpswVwBfDONgVVxQzugeRXrB7tY1afIMZlHNNopfV7DtdmQ\nb6MzRFB3B5v/09eXefVdS59x\n-----END PRIVATE KEY-----\n",
            "public_key_fingerprint_md5": "76:ed:d2:77:60:6a:d5:1f:08:70:01:e5:a1:da:5a:72",
            "public_key_fingerprint_sha256": "SHA256:GLu9Rj2v22m5xYrnGW7Y2TG5l+v2/vSUUK0Y08KqluA",
            "public_key_openssh": "ssh-rsa AAAAB3NzaC1yc2EAAAADAQABAAABAQC9/qAV0aXdLg9OAjAjaozQTLtkyjaxMxpiAdh+xJrvLgsfu2HJuRByB/zgYRv2lLqS/9JrEXj6zswUk3P/WEuSZ7pqDRKgk08QBhxEUBD1RWj/LWQvsD/199ji/fkuMnm69XmxhotvButdmtOOZlAvp+xzVNNGQMY0JfsVG+mgNxpt4rfbqQ/caXkVPwwz+zyrNt3PzzXWFl69agBSiZJNTQjSDojJaSNKyRZClDoNboTyptl6SXd81YH138QPhSU34feOFVNjzVThkZ1B9clpRo+0giECt/pX9KJFJXcIsiJpH/13DwGbzDNSJ7DgF9Krcmyr3Ryw6ecBAbkRiV/v\n",
            "public_key_pem": "-----BEGIN PUBLIC KEY-----\nMIIBIjANBgkqhkiG9w0BAQEFAAOCAQ8AMIIBCgKCAQEAvf6gFdGl3S4PTgIwI2qM\n0Ey7ZMo2sTMaYgHYfsSa7y4LH7thybkQcgf84GEb9pS6kv/SaxF4+s7MFJNz/1hL\nkme6ag0SoJNPEAYcRFAQ9UVo/y1kL7A/9ffY4v35LjJ5uvV5sYaLbwbrXZrTjmZQ\nL6fsc1TTRkDGNCX7FRvpoDcabeK326kP3Gl5FT8MM/s8qzbdz8811hZevWoAUomS\nTU0I0g6IyWkjSskWQpQ6DW6E8qbZekl3fNWB9d/ED4UlN+H3jhVTY81U4ZGdQfXJ\naUaPtIIhArf6V/SiRSV3CLIiaR/9dw8Bm8wzUiew4BfSq3Jsq90csOnnAQG5EYlf\n7wIDAQAB\n-----END PUBLIC KEY-----\n",
            "rsa_bits": 2048
          },
          "sensitive_attributes": []
        }
      ]
    }
  ],
  "check_results": null
}
